<?xml version="1.0" encoding="utf-8"?>
<Project ToolsVersion="4.0" xmlns="http://schemas.microsoft.com/developer/msbuild/2003">
  <ItemGroup>
    <Filter Include="소스 파일">
      <UniqueIdentifier>{4FC737F1-C7A5-4376-A066-2A32D752A2FF}</UniqueIdentifier>
      <Extensions>cpp;c;cc;cxx;def;odl;idl;hpj;bat;asm;asmx</Extensions>
    </Filter>
    <Filter Include="헤더 파일">
      <UniqueIdentifier>{93995380-89BD-4b04-88EB-625FBE52EBFB}</UniqueIdentifier>
      <Extensions>h;hh;hpp;hxx;hm;inl;inc;xsd</Extensions>
    </Filter>
    <Filter Include="리소스 파일">
      <UniqueIdentifier>{67DA6AB6-F800-4c08-8B7A-83BB121AAD01}</UniqueIdentifier>
      <Extensions>rc;ico;cur;bmp;dlg;rc2;rct;bin;rgs;gif;jpg;jpeg;jpe;resx;tiff;tif;png;wav;mfcribbon-ms</Extensions>
    </Filter>
    <Filter Include="소스 파일\GameObject">
      <UniqueIdentifier>{4e81ead4-9a1a-4e50-a7f8-c9f1accd04b1}</UniqueIdentifier>
    </Filter>
    <Filter Include="소스 파일\Manager">
      <UniqueIdentifier>{8ca6d126-1138-4673-abf6-a20d450981de}</UniqueIdentifier>
    </Filter>
    <Filter Include="소스 파일\Scene">
      <UniqueIdentifier>{cfa88c8e-10d1-4cd3-8e05-27aada7b7281}</UniqueIdentifier>
    </Filter>
    <Filter Include="소스 파일\cpp">
      <UniqueIdentifier>{6d649432-f1d2-49e8-9876-134d14583a14}</UniqueIdentifier>
    </Filter>
    <Filter Include="헤더 파일\GameObject">
      <UniqueIdentifier>{10770253-3586-4bf7-8f97-79da0db4ddbe}</UniqueIdentifier>
    </Filter>
    <Filter Include="헤더 파일\Manager">
      <UniqueIdentifier>{08c5a7dc-d528-4081-b095-2067e8e1836a}</UniqueIdentifier>
    </Filter>
    <Filter Include="헤더 파일\Scene">
      <UniqueIdentifier>{7428fec0-d8e2-4a6a-b25a-afe9bf4d2204}</UniqueIdentifier>
    </Filter>
    <Filter Include="헤더 파일\header">
      <UniqueIdentifier>{1b2bbe46-6497-48e9-93df-38d1a49066f6}</UniqueIdentifier>
    </Filter>
    <Filter Include="소스 파일\Event">
      <UniqueIdentifier>{f69d8cd6-b34e-41fc-bc95-6e044a0e5eb8}</UniqueIdentifier>
    </Filter>
    <Filter Include="헤더 파일\Event">
      <UniqueIdentifier>{6ff96da1-28c0-4594-9cd6-26f7b31d8375}</UniqueIdentifier>
    </Filter>
    <Filter Include="소스 파일\GameObject\Gun">
      <UniqueIdentifier>{91e164fc-9834-46a2-84cf-04dc81b41545}</UniqueIdentifier>
    </Filter>
    <Filter Include="헤더 파일\GameObject\Gun">
      <UniqueIdentifier>{fa71d864-9256-4d64-9dd3-e19ba0b95666}</UniqueIdentifier>
    </Filter>
    <Filter Include="소스 파일\GameObject\Player">
      <UniqueIdentifier>{b3b4a7a3-fab9-4a84-9df8-3911fc456f7d}</UniqueIdentifier>
    </Filter>
    <Filter Include="헤더 파일\GameObject\Player">
      <UniqueIdentifier>{1e78a014-fb6e-4bd9-a415-afa66fc86f4a}</UniqueIdentifier>
    </Filter>
  </ItemGroup>
  <ItemGroup>
    <ClCompile Include="BackGround.cpp">
      <Filter>소스 파일\GameObject</Filter>
    </ClCompile>
    <ClCompile Include="GameObject.cpp">
      <Filter>소스 파일\GameObject</Filter>
    </ClCompile>
    <ClCompile Include="GameManager.cpp">
      <Filter>소스 파일\Manager</Filter>
    </ClCompile>
    <ClCompile Include="Scene.cpp">
      <Filter>소스 파일\Scene</Filter>
    </ClCompile>
    <ClCompile Include="WndProc.cpp">
      <Filter>소스 파일\cpp</Filter>
    </ClCompile>
    <ClCompile Include="wWinMain.cpp">
      <Filter>소스 파일\cpp</Filter>
    </ClCompile>
    <ClCompile Include="GraphicManager.cpp">
      <Filter>소스 파일\Manager</Filter>
    </ClCompile>
    <ClCompile Include="SoundManager.cpp">
      <Filter>소스 파일\Manager</Filter>
    </ClCompile>
    <ClCompile Include="Scene_Test.cpp">
      <Filter>소스 파일\Scene</Filter>
    </ClCompile>
    <ClCompile Include="InputManager.cpp">
      <Filter>소스 파일\Manager</Filter>
    </ClCompile>
    <ClCompile Include="SoundEvent.cpp">
      <Filter>소스 파일\Event</Filter>
    </ClCompile>
    <ClCompile Include="FontEvent.cpp">
      <Filter>소스 파일\Event</Filter>
    </ClCompile>
    <ClCompile Include="KeyboardEvent.cpp">
      <Filter>소스 파일\Event</Filter>
    </ClCompile>
    <ClCompile Include="NetworkManager.cpp">
      <Filter>소스 파일\Manager</Filter>
    </ClCompile>
    <ClCompile Include="Animation.cpp">
      <Filter>소스 파일\cpp</Filter>
    </ClCompile>
    <ClCompile Include="Wall.cpp">
      <Filter>소스 파일\GameObject</Filter>
    </ClCompile>
    <ClCompile Include="Hole.cpp">
      <Filter>소스 파일\GameObject</Filter>
    </ClCompile>
    <ClCompile Include="KillLog.cpp">
      <Filter>소스 파일\cpp</Filter>
    </ClCompile>
    <ClCompile Include="UIManager.cpp">
      <Filter>소스 파일\Manager</Filter>
    </ClCompile>
    <ClCompile Include="Emote.cpp">
      <Filter>소스 파일\cpp</Filter>
    </ClCompile>
    <ClCompile Include="Gun.cpp">
      <Filter>소스 파일\GameObject\Gun</Filter>
    </ClCompile>
    <ClCompile Include="GunBox.cpp">
      <Filter>소스 파일\GameObject\Gun</Filter>
    </ClCompile>
    <ClCompile Include="Pistol.cpp">
      <Filter>소스 파일\GameObject\Gun</Filter>
    </ClCompile>
    <ClCompile Include="SniperRifle.cpp">
      <Filter>소스 파일\GameObject\Gun</Filter>
    </ClCompile>
    <ClCompile Include="AssaultRifle.cpp">
      <Filter>소스 파일\GameObject\Gun</Filter>
    </ClCompile>
    <ClCompile Include="Bullet.cpp">
      <Filter>소스 파일\GameObject\Gun</Filter>
    </ClCompile>
    <ClCompile Include="PlayerNetwork.cpp">
      <Filter>소스 파일\GameObject\Player</Filter>
    </ClCompile>
    <ClCompile Include="Player.cpp">
      <Filter>소스 파일\GameObject\Player</Filter>
    </ClCompile>
    <ClCompile Include="DieEffect.cpp">
      <Filter>소스 파일\cpp</Filter>
    </ClCompile>
    <ClCompile Include="Scene_Video.cpp">
      <Filter>소스 파일\Scene</Filter>
    </ClCompile>
    <ClCompile Include="Scene_Reflection.cpp">
      <Filter>소스 파일\Scene</Filter>
    </ClCompile>
    <ClCompile Include="Object.cpp">
      <Filter>소스 파일\GameObject</Filter>
    </ClCompile>
    <ClCompile Include="Controller.cpp">
      <Filter>소스 파일\GameObject</Filter>
    </ClCompile>
  </ItemGroup>
  <ItemGroup>
    <ClInclude Include="GameObject.h">
      <Filter>헤더 파일\GameObject</Filter>
    </ClInclude>
    <ClInclude Include="BackGround.h">
      <Filter>헤더 파일\GameObject</Filter>
    </ClInclude>
    <ClInclude Include="GameManager.h">
      <Filter>헤더 파일\Manager</Filter>
    </ClInclude>
    <ClInclude Include="Scene.h">
      <Filter>헤더 파일\Scene</Filter>
    </ClInclude>
    <ClInclude Include="Singleton.h">
      <Filter>헤더 파일\header</Filter>
    </ClInclude>
    <ClInclude Include="GraphicManager.h">
      <Filter>헤더 파일\Manager</Filter>
    </ClInclude>
    <ClInclude Include="SoundManager.h">
      <Filter>헤더 파일\Manager</Filter>
    </ClInclude>
    <ClInclude Include="Scene_Test.h">
      <Filter>헤더 파일\Scene</Filter>
    </ClInclude>
    <ClInclude Include="InputManager.h">
      <Filter>헤더 파일\Manager</Filter>
    </ClInclude>
    <ClInclude Include="SoundEvent.h">
      <Filter>헤더 파일\Event</Filter>
    </ClInclude>
    <ClInclude Include="FontEvent.h">
      <Filter>헤더 파일\Event</Filter>
    </ClInclude>
    <ClInclude Include="KeyboardEvent.h">
      <Filter>헤더 파일\Event</Filter>
    </ClInclude>
    <ClInclude Include="head.h">
      <Filter>헤더 파일\header</Filter>
    </ClInclude>
    <ClInclude Include="NetworkManager.h">
      <Filter>헤더 파일\Manager</Filter>
    </ClInclude>
    <ClInclude Include="Animation.h">
      <Filter>헤더 파일\header</Filter>
    </ClInclude>
    <ClInclude Include="Wall.h">
      <Filter>헤더 파일\GameObject</Filter>
    </ClInclude>
    <ClInclude Include="Hole.h">
      <Filter>헤더 파일\GameObject</Filter>
    </ClInclude>
    <ClInclude Include="KillLog.h">
      <Filter>헤더 파일\header</Filter>
    </ClInclude>
    <ClInclude Include="UIManager.h">
      <Filter>헤더 파일\Manager</Filter>
    </ClInclude>
    <ClInclude Include="Emote.h">
      <Filter>헤더 파일\header</Filter>
    </ClInclude>
    <ClInclude Include="Gun.h">
      <Filter>헤더 파일\GameObject\Gun</Filter>
    </ClInclude>
    <ClInclude Include="GunBox.h">
      <Filter>헤더 파일\GameObject\Gun</Filter>
    </ClInclude>
    <ClInclude Include="Bullet.h">
      <Filter>헤더 파일\GameObject\Gun</Filter>
    </ClInclude>
    <ClInclude Include="Pistol.h">
      <Filter>헤더 파일\GameObject\Gun</Filter>
    </ClInclude>
    <ClInclude Include="SniperRifle.h">
      <Filter>헤더 파일\GameObject\Gun</Filter>
    </ClInclude>
    <ClInclude Include="AssaultRifle.h">
      <Filter>헤더 파일\GameObject\Gun</Filter>
    </ClInclude>
    <ClInclude Include="Player.h">
      <Filter>헤더 파일\GameObject\Player</Filter>
    </ClInclude>
    <ClInclude Include="PlayerNetwork.h">
      <Filter>헤더 파일\GameObject\Player</Filter>
    </ClInclude>
    <ClInclude Include="DieEffect.h">
      <Filter>헤더 파일\header</Filter>
    </ClInclude>
    <ClInclude Include="Scene_video.h">
      <Filter>헤더 파일\Scene</Filter>
    </ClInclude>
    <ClInclude Include="Scene_Reflection.h">
      <Filter>헤더 파일\Scene</Filter>
    </ClInclude>
    <ClInclude Include="Object.h">
      <Filter>헤더 파일\GameObject</Filter>
    </ClInclude>
    <ClInclude Include="Controller.h">
      <Filter>헤더 파일\GameObject</Filter>
    </ClInclude>
  </ItemGroup>
</Project>